// !$*UTF8*$!
{
	archiveVersion = 1;
	classes = {
	};
	objectVersion = 46;
	objects = {

/* Begin PBXBuildFile section */
		C23D75011B0EBD36002ADA02 /* main.m in Sources */ = {isa = PBXBuildFile; fileRef = C23D75001B0EBD36002ADA02 /* main.m */; };
		C23D75041B0EBD36002ADA02 /* AppDelegate.m in Sources */ = {isa = PBXBuildFile; fileRef = C23D75031B0EBD36002ADA02 /* AppDelegate.m */; };
		C23D75071B0EBD36002ADA02 /* ViewController.m in Sources */ = {isa = PBXBuildFile; fileRef = C23D75061B0EBD36002ADA02 /* ViewController.m */; };
		C23D750A1B0EBD36002ADA02 /* Main.storyboard in Resources */ = {isa = PBXBuildFile; fileRef = C23D75081B0EBD36002ADA02 /* Main.storyboard */; };
		C23D750C1B0EBD36002ADA02 /* Images.xcassets in Resources */ = {isa = PBXBuildFile; fileRef = C23D750B1B0EBD36002ADA02 /* Images.xcassets */; };
		C23D750F1B0EBD36002ADA02 /* LaunchScreen.xib in Resources */ = {isa = PBXBuildFile; fileRef = C23D750D1B0EBD36002ADA02 /* LaunchScreen.xib */; };
		C23D751B1B0EBD36002ADA02 /* _22Tests.m in Sources */ = {isa = PBXBuildFile; fileRef = C23D751A1B0EBD36002ADA02 /* _22Tests.m */; };
/* End PBXBuildFile section */

/* Begin PBXContainerItemProxy section */
		C23D75151B0EBD36002ADA02 /* PBXContainerItemProxy */ = {
			isa = PBXContainerItemProxy;
			containerPortal = C23D74F31B0EBD36002ADA02 /* Project object */;
			proxyType = 1;
			remoteGlobalIDString = C23D74FA1B0EBD36002ADA02;
			remoteInfo = 222;
		};
/* End PBXContainerItemProxy section */

/* Begin PBXFileReference section */
		C23D74FB1B0EBD36002ADA02 /* 222.app */ = {isa = PBXFileReference; explicitFileType = wrapper.application; includeInIndex = 0; path = 222.app; sourceTree = BUILT_PRODUCTS_DIR; };
		C23D74FF1B0EBD36002ADA02 /* Info.plist */ = {isa = PBXFileReference; lastKnownFileType = text.plist.xml; path = Info.plist; sourceTree = "<group>"; };
		C23D75001B0EBD36002ADA02 /* main.m */ = {isa = PBXFileReference; lastKnownFileType = sourcecode.c.objc; path = main.m; sourceTree = "<group>"; };
		C23D75021B0EBD36002ADA02 /* AppDelegate.h */ = {isa = PBXFileReference; lastKnownFileType = sourcecode.c.h; path = AppDelegate.h; sourceTree = "<group>"; };
		C23D75031B0EBD36002ADA02 /* AppDelegate.m */ = {isa = PBXFileReference; lastKnownFileType = sourcecode.c.objc; path = AppDelegate.m; sourceTree = "<group>"; };
		C23D75051B0EBD36002ADA02 /* ViewController.h */ = {isa = PBXFileReference; lastKnownFileType = sourcecode.c.h; path = ViewController.h; sourceTree = "<group>"; };
		C23D75061B0EBD36002ADA02 /* ViewController.m */ = {isa = PBXFileReference; lastKnownFileType = sourcecode.c.objc; path = ViewController.m; sourceTree = "<group>"; };
		C23D75091B0EBD36002ADA02 /* Base */ = {isa = PBXFileReference; lastKnownFileType = file.storyboard; name = Base; path = Base.lproj/Main.storyboard; sourceTree = "<group>"; };
		C23D750B1B0EBD36002ADA02 /* Images.xcassets */ = {isa = PBXFileReference; lastKnownFileType = folder.assetcatalog; path = Images.xcassets; sourceTree = "<group>"; };
		C23D750E1B0EBD36002ADA02 /* Base */ = {isa = PBXFileReference; lastKnownFileType = file.xib; name = Base; path = Base.lproj/LaunchScreen.xib; sourceTree = "<group>"; };
		C23D75141B0EBD36002ADA02 /* 222Tests.xctest */ = {isa = PBXFileReference; explicitFileType = wrapper.cfbundle; includeInIndex = 0; path = 222Tests.xctest; sourceTree = BUILT_PRODUCTS_DIR; };
		C23D75191B0EBD36002ADA02 /* Info.plist */ = {isa = PBXFileReference; lastKnownFileType = text.plist.xml; path = Info.plist; sourceTree = "<group>"; };
		C23D751A1B0EBD36002ADA02 /* _22Tests.m */ = {isa = PBXFileReference; lastKnownFileType = sourcecode.c.objc; path = _22Tests.m; sourceTree = "<group>"; };
/* End PBXFileReference section */

/* Begin PBXFrameworksBuildPhase section */
		C23D74F81B0EBD36002ADA02 /* Frameworks */ = {
			isa = PBXFrameworksBuildPhase;
			buildActionMask = 2147483647;
			files = (
			);
			runOnlyForDeploymentPostprocessing = 0;
		};
		C23D75111B0EBD36002ADA02 /* Frameworks */ = {
			isa = PBXFrameworksBuildPhase;
			buildActionMask = 2147483647;
			files = (
			);
			runOnlyForDeploymentPostprocessing = 0;
		};
/* End PBXFrameworksBuildPhase section */

/* Begin PBXGroup section */
		C23D74F21B0EBD36002ADA02 = {
			isa = PBXGroup;
			children = (
				C23D74FD1B0EBD36002ADA02 /* 222 */,
				C23D75171B0EBD36002ADA02 /* 222Tests */,
				C23D74FC1B0EBD36002ADA02 /* Products */,
			);
			sourceTree = "<group>";
		};
		C23D74FC1B0EBD36002ADA02 /* Products */ = {
			isa = PBXGroup;
			children = (
				C23D74FB1B0EBD36002ADA02 /* 222.app */,
				C23D75141B0EBD36002ADA02 /* 222Tests.xctest */,
			);
			name = Products;
			sourceTree = "<group>";
		};
		C23D74FD1B0EBD36002ADA02 /* 222 */ = {
			isa = PBXGroup;
			children = (
				C23D75021B0EBD36002ADA02 /* AppDelegate.h */,
				C23D75031B0EBD36002ADA02 /* AppDelegate.m */,
				C23D75051B0EBD36002ADA02 /* ViewController.h */,
				C23D75061B0EBD36002ADA02 /* ViewController.m */,
				C23D75081B0EBD36002ADA02 /* Main.storyboard */,
				C23D750B1B0EBD36002ADA02 /* Images.xcassets */,
				C23D750D1B0EBD36002ADA02 /* LaunchScreen.xib */,
				C23D74FE1B0EBD36002ADA02 /* Supporting Files */,
			);
			path = 222;
			sourceTree = "<group>";
		};
		C23D74FE1B0EBD36002ADA02 /* Supporting Files */ = {
			isa = PBXGroup;
			children = (
				C23D74FF1B0EBD36002ADA02 /* Info.plist */,
				C23D75001B0EBD36002ADA02 /* main.m */,
			);
			name = "Supporting Files";
			sourceTree = "<group>";
		};
		C23D75171B0EBD36002ADA02 /* 222Tests */ = {
			isa = PBXGroup;
			children = (
				C23D751A1B0EBD36002ADA02 /* _22Tests.m */,
				C23D75181B0EBD36002ADA02 /* Supporting Files */,
			);
			path = 222Tests;
			sourceTree = "<group>";
		};
		C23D75181B0EBD36002ADA02 /* Supporting Files */ = {
			isa = PBXGroup;
			children = (
				C23D75191B0EBD36002ADA02 /* Info.plist */,
			);
			name = "Supporting Files";
			sourceTree = "<group>";
		};
/* End PBXGroup section */

/* Begin PBXNativeTarget section */
		C23D74FA1B0EBD36002ADA02 /* 222 */ = {
			isa = PBXNativeTarget;
			buildConfigurationList = C23D751E1B0EBD36002ADA02 /* Build configuration list for PBXNativeTarget "222" */;
			buildPhases = (
				C23D74F71B0EBD36002ADA02 /* Sources */,
				C23D74F81B0EBD36002ADA02 /* Frameworks */,
				C23D74F91B0EBD36002ADA02 /* Resources */,
			);
			buildRules = (
			);
			dependencies = (
			);
			name = 222;
			productName = 222;
			productReference = C23D74FB1B0EBD36002ADA02 /* 222.app */;
			productType = "com.apple.product-type.application";
		};
		C23D75131B0EBD36002ADA02 /* 222Tests */ = {
			isa = PBXNativeTarget;
			buildConfigurationList = C23D75211B0EBD36002ADA02 /* Build configuration list for PBXNativeTarget "222Tests" */;
			buildPhases = (
				C23D75101B0EBD36002ADA02 /* Sources */,
				C23D75111B0EBD36002ADA02 /* Frameworks */,
				C23D75121B0EBD36002ADA02 /* Resources */,
			);
			buildRules = (
			);
			dependencies = (
				C23D75161B0EBD36002ADA02 /* PBXTargetDependency */,
			);
			name = 222Tests;
			productName = 222Tests;
			productReference = C23D75141B0EBD36002ADA02 /* 222Tests.xctest */;
			productType = "com.apple.product-type.bundle.unit-test";
		};
/* End PBXNativeTarget section */

/* Begin PBXProject section */
		C23D74F31B0EBD36002ADA02 /* Project object */ = {
			isa = PBXProject;
			attributes = {
				LastUpgradeCheck = 0600;
				ORGANIZATIONNAME = lanou3g;
				TargetAttributes = {
					C23D74FA1B0EBD36002ADA02 = {
						CreatedOnToolsVersion = 6.0.1;
					};
					C23D75131B0EBD36002ADA02 = {
						CreatedOnToolsVersion = 6.0.1;
						TestTargetID = C23D74FA1B0EBD36002ADA02;
					};
				};
			};
			buildConfigurationList = C23D74F61B0EBD36002ADA02 /* Build configuration list for PBXProject "222" */;
			compatibilityVersion = "Xcode 3.2";
			developmentRegion = English;
			hasScannedForEncodings = 0;
			knownRegions = (
				en,
				Base,
			);
			mainGroup = C23D74F21B0EBD36002ADA02;
			productRefGroup = C23D74FC1B0EBD36002ADA02 /* Products */;
			projectDirPath = "";
			projectRoot = "";
			targets = (
				C23D74FA1B0EBD36002ADA02 /* 222 */,
				C23D75131B0EBD36002ADA02 /* 222Tests */,
			);
		};
/* End PBXProject section */

/* Begin PBXResourcesBuildPhase section */
		C23D74F91B0EBD36002ADA02 /* Resources */ = {
			isa = PBXResourcesBuildPhase;
			buildActionMask = 2147483647;
			files = (
				C23D750A1B0EBD36002ADA02 /* Main.storyboard in Resources */,
				C23D750F1B0EBD36002ADA02 /* LaunchScreen.xib in Resources */,
				C23D750C1B0EBD36002ADA02 /* Images.xcassets in Resources */,
			);
			runOnlyForDeploymentPostprocessing = 0;
		};
		C23D75121B0EBD36002ADA02 /* Resources */ = {
			isa = PBXResourcesBuildPhase;
			buildActionMask = 2147483647;
			files = (
			);
			runOnlyForDeploymentPostprocessing = 0;
		};
/* End PBXResourcesBuildPhase section */

/* Begin PBXSourcesBuildPhase section */
		C23D74F71B0EBD36002ADA02 /* Sources */ = {
			isa = PBXSourcesBuildPhase;
			buildActionMask = 2147483647;
			files = (
				C23D75071B0EBD36002ADA02 /* ViewController.m in Sources */,
				C23D75041B0EBD36002ADA02 /* AppDelegate.m in Sources */,
				C23D75011B0EBD36002ADA02 /* main.m in Sources */,
			);
			runOnlyForDeploymentPostprocessing = 0;
		};
		C23D75101B0EBD36002ADA02 /* Sources */ = {
			isa = PBXSourcesBuildPhase;
			buildActionMask = 2147483647;
			files = (
				C23D751B1B0EBD36002ADA02 /* _22Tests.m in Sources */,
			);
			runOnlyForDeploymentPostprocessing = 0;
		};
/* End PBXSourcesBuildPhase section */

/* Begin PBXTargetDependency section */
		C23D75161B0EBD36002ADA02 /* PBXTargetDependency */ = {
			isa = PBXTargetDependency;
			target = C23D74FA1B0EBD36002ADA02 /* 222 */;
			targetProxy = C23D75151B0EBD36002ADA02 /* PBXContainerItemProxy */;
		};
/* End PBXTargetDependency section */

/* Begin PBXVariantGroup section */
		C23D75081B0EBD36002ADA02 /* Main.storyboard */ = {
			isa = PBXVariantGroup;
			children = (
				C23D75091B0EBD36002ADA02 /* Base */,
			);
			name = Main.storyboard;
			sourceTree = "<group>";
		};
		C23D750D1B0EBD36002ADA02 /* LaunchScreen.xib */ = {
			isa = PBXVariantGroup;
			children = (
				C23D750E1B0EBD36002ADA02 /* Base */,
			);
			name = LaunchScreen.xib;
			sourceTree = "<group>";
		};
/* End PBXVariantGroup section */

/* Begin XCBuildConfiguration section */
		C23D751C1B0EBD36002ADA02 /* Debug */ = {
			isa = XCBuildConfiguration;
			buildSettings = {
				ALWAYS_SEARCH_USER_PATHS = NO;
				CLANG_CXX_LANGUAGE_STANDARD = "gnu++0x";
				CLANG_CXX_LIBRARY = "libc++";
				CLANG_ENABLE_MODULES = YES;
				CLANG_ENABLE_OBJC_ARC = YES;
				CLANG_WARN_BOOL_CONVERSION = YES;
				CLANG_WARN_CONSTANT_CONVERSION = YES;
				CLANG_WARN_DIRECT_OBJC_ISA_USAGE = YES_ERROR;
				CLANG_WARN_EMPTY_BODY = YES;
				CLANG_WARN_ENUM_CONVERSION = YES;
				CLANG_WARN_INT_CONVERSION = YES;
				CLANG_WARN_OBJC_ROOT_CLASS = YES_ERROR;
				CLANG_WARN_UNREACHABLE_CODE = YES;
				CLANG_WARN__DUPLICATE_METHOD_MATCH = YES;
				"CODE_SIGN_IDENTITY[sdk=iphoneos*]" = "iPhone Developer";
				COPY_PHASE_STRIP = NO;
				ENABLE_STRICT_OBJC_MSGSEND = YES;
				GCC_C_LANGUAGE_STANDARD = gnu99;
				GCC_DYNAMIC_NO_PIC = NO;
				GCC_OPTIMIZATION_LEVEL = 0;
				GCC_PREPROCESSOR_DEFINITIONS = (
					"DEBUG=1",
					"$(inherited)",
				);
				GCC_SYMBOLS_PRIVATE_EXTERN = NO;
				GCC_WARN_64_TO_32_BIT_CONVERSION = YES;
				GCC_WARN_ABOUT_RETURN_TYPE = YES_ERROR;
				GCC_WARN_UNDECLARED_SELECTOR = YES;
				GCC_WARN_UNINITIALIZED_AUTOS = YES_AGGRESSIVE;
				GCC_WARN_UNUSED_FUNCTION = YES;
				GCC_WARN_UNUSED_VARIABLE = YES;
				IPHONEOS_DEPLOYMENT_TARGET = 8.0;
				MTL_ENABLE_DEBUG_INFO = YES;
				ONLY_ACTIVE_ARCH = YES;
				SDKROOT = iphoneos;
				TARGETED_DEVICE_FAMILY = "1,2";
			};
			name = Debug;
		};
		C23D751D1B0EBD36002ADA02 /* Release */ = {
			isa = XCBuildConfiguration;
			buildSettings = {
				ALWAYS_SEARCH_USER_PATHS = NO;
				CLANG_CXX_LANGUAGE_STANDARD = "gnu++0x";
				CLANG_CXX_LIBRARY = "libc++";
				CLANG_ENABLE_MODULES = YES;
				CLANG_ENABLE_OBJC_ARC = YES;
				CLANG_WARN_BOOL_CONVERSION = YES;
				CLANG_WARN_CONSTANT_CONVERSION = YES;
				CLANG_WARN_DIRECT_OBJC_ISA_USAGE = YES_ERROR;
				CLANG_WARN_EMPTY_BODY = YES;
				CLANG_WARN_ENUM_CONVERSION = YES;
				CLANG_WARN_INT_CONVERSION = YES;
				CLANG_WARN_OBJC_ROOT_CLASS = YES_ERROR;
				CLANG_WARN_UNREACHABLE_CODE = YES;
				CLANG_WARN__DUPLICATE_METHOD_MATCH = YES;
				"CODE_SIGN_IDENTITY[sdk=iphoneos*]" = "iPhone Developer";
				COPY_PHASE_STRIP = YES;
				ENABLE_NS_ASSERTIONS = NO;
				ENABLE_STRICT_OBJC_MSGSEND = YES;
				GCC_C_LANGUAGE_STANDARD = gnu99;
				GCC_WARN_64_TO_32_BIT_CONVERSION = YES;
				GCC_WARN_ABOUT_RETURN_TYPE = YES_ERROR;
				GCC_WARN_UNDECLARED_SELECTOR = YES;
				GCC_WARN_UNINITIALIZED_AUTOS = YES_AGGRESSIVE;
				GCC_WARN_UNUSED_FUNCTION = YES;
				GCC_WARN_UNUSED_VARIABLE = YES;
				IPHONEOS_DEPLOYMENT_TARGET = 8.0;
				MTL_ENABLE_DEBUG_INFO = NO;
				SDKROOT = iphoneos;
				TARGETED_DEVICE_FAMILY = "1,2";
				VALIDATE_PRODUCT = YES;
			};
			name = Release;
		};
		C23D751F1B0EBD36002ADA02 /* Debug */ = {
			isa = XCBuildConfiguration;
			buildSettings = {
				ASSETCATALOG_COMPILER_APPICON_NAME = AppIcon;
				INFOPLIST_FILE = 222/Info.plist;
				LD_RUNPATH_SEARCH_PATHS = "$(inherited) @executable_path/Frameworks";
				PRODUCT_NAME = "$(TARGET_NAME)";
			};
			name = Debug;
		};
		C23D75201B0EBD36002ADA02 /* Release */ = {
			isa = XCBuildConfiguration;
			buildSettings = {
				ASSETCATALOG_COMPILER_APPICON_NAME = AppIcon;
				INFOPLIST_FILE = 222/Info.plist;
				LD_RUNPATH_SEARCH_PATHS = "$(inherited) @executable_path/Frameworks";
				PRODUCT_NAME = "$(TARGET_NAME)";
			};
			name = Release;
		};
		C23D75221B0EBD36002ADA02 /* Debug */ = {
			isa = XCBuildConfiguration;
			buildSettings = {
				BUNDLE_LOADER = "$(TEST_HOST)";
				FRAMEWORK_SEARCH_PATHS = (
					"$(SDKROOT)/Developer/Library/Frameworks",
					"$(inherited)",
				);
				GCC_PREPROCESSOR_DEFINITIONS = (
					"DEBUG=1",
					"$(inherited)",
				);
				INFOPLIST_FILE = 222Tests/Info.plist;
				LD_RUNPATH_SEARCH_PATHS = "$(inherited) @executable_path/Frameworks @loader_path/Frameworks";
				PRODUCT_NAME = "$(TARGET_NAME)";
				TEST_HOST = "$(BUILT_PRODUCTS_DIR)/222.app/222";
			};
			name = Debug;
		};
		C23D75231B0EBD36002ADA02 /* Release */ = {
			isa = XCBuildConfiguration;
			buildSettings = {
				BUNDLE_LOADER = "$(TEST_HOST)";
				FRAMEWORK_SEARCH_PATHS = (
					"$(SDKROOT)/Developer/Library/Frameworks",
					"$(inherited)",
				);
				INFOPLIST_FILE = 222Tests/Info.plist;
				LD_RUNPATH_SEARCH_PATHS = "$(inherited) @executable_path/Frameworks @loader_path/Frameworks";
				PRODUCT_NAME = "$(TARGET_NAME)";
				TEST_HOST = "$(BUILT_PRODUCTS_DIR)/222.app/222";
			};
			name = Release;
		};
/* End XCBuildConfiguration section */

/* Begin XCConfigurationList section */
		C23D74F61B0EBD36002ADA02 /* Build configuration list for PBXProject "222" */ = {
			isa = XCConfigurationList;
			buildConfigurations = (
				C23D751C1B0EBD36002ADA02 /* Debug */,
				C23D751D1B0EBD36002ADA02 /* Release */,
			);
			defaultConfigurationIsVisible = 0;
			defaultConfigurationName = Release;
		};
		C23D751E1B0EBD36002ADA02 /* Build configuration list for PBXNativeTarget "222" */ = {
			isa = XCConfigurationList;
			buildConfigurations = (
				C23D751F1B0EBD36002ADA02 /* Debug */,
				C23D75201B0EBD36002ADA02 /* Release */,
			);
			defaultConfigurationIsVisible = 0;
		};
		C23D75211B0EBD36002ADA02 /* Build configuration list for PBXNativeTarget "222Tests" */ = {
			isa = XCConfigurationList;
			buildConfigurations = (
				C23D75221B0EBD36002ADA02 /* Debug */,
				C23D75231B0EBD36002ADA02 /* Release */,
			);
			defaultConfigurationIsVisible = 0;
		};
/* End XCConfigurationList section */
	};
	rootObject = C23D74F31B0EBD36002ADA02 /* Project object */;
}
